
Microsoft Visual Studio Solution File, Format Version 12.00
Project("{FAE04EC0-301F-11D3-BF4B-00C04F79EFBC}") = "TaskManagementSystem", "TaskManagementSystem\TaskManagementSystem.csproj", "{56FEACE7-ADB1-49B4-A0C0-58B15211B978}"
EndProject
Project("{FAE04EC0-301F-11D3-BF4B-00C04F79EFBC}") = "TaskManagementSystem.Tests", "TaskManagementSystem.Tests\TaskManagementSystem.Tests.csproj", "{80C0A672-D40E-43F9-84C2-267B2A7774B1}"
EndProject
Global
	GlobalSection(SolutionConfigurationPlatforms) = preSolution
		Debug|Any CPU = Debug|Any CPU
		Release|Any CPU = Release|Any CPU
	EndGlobalSection
	GlobalSection(ProjectConfigurationPlatforms) = postSolution
		{56FEACE7-ADB1-49B4-A0C0-58B15211B978}.Debug|Any CPU.ActiveCfg = Debug|Any CPU
		{56FEACE7-ADB1-49B4-A0C0-58B15211B978}.Debug|Any CPU.Build.0 = Debug|Any CPU
		{56FEACE7-ADB1-49B4-A0C0-58B15211B978}.Release|Any CPU.ActiveCfg = Release|Any CPU
		{56FEACE7-ADB1-49B4-A0C0-58B15211B978}.Release|Any CPU.Build.0 = Release|Any CPU
		{80C0A672-D40E-43F9-84C2-267B2A7774B1}.Debug|Any CPU.ActiveCfg = Debug|Any CPU
		{80C0A672-D40E-43F9-84C2-267B2A7774B1}.Debug|Any CPU.Build.0 = Debug|Any CPU
		{80C0A672-D40E-43F9-84C2-267B2A7774B1}.Release|Any CPU.ActiveCfg = Release|Any CPU
		{80C0A672-D40E-43F9-84C2-267B2A7774B1}.Release|Any CPU.Build.0 = Release|Any CPU
	EndGlobalSection
EndGlobal
